// !$*UTF8*$!
{
	archiveVersion = 1;
	classes = {
	};
	objectVersion = 48;
	objects = {

/* Begin PBXBuildFile section */
		5D8701DA206B82030058E14D /* AppDelegate.m in Sources */ = {isa = PBXBuildFile; fileRef = 5D8701D9206B82030058E14D /* AppDelegate.m */; };
		5D8701DD206B82030058E14D /* ViewController.m in Sources */ = {isa = PBXBuildFile; fileRef = 5D8701DC206B82030058E14D /* ViewController.m */; };
		5D8701E0206B82030058E14D /* Main.storyboard in Resources */ = {isa = PBXBuildFile; fileRef = 5D8701DE206B82030058E14D /* Main.storyboard */; };
		5D8701E2206B82030058E14D /* Assets.xcassets in Resources */ = {isa = PBXBuildFile; fileRef = 5D8701E1206B82030058E14D /* Assets.xcassets */; };
		5D8701E5206B82030058E14D /* LaunchScreen.storyboard in Resources */ = {isa = PBXBuildFile; fileRef = 5D8701E3206B82030058E14D /* LaunchScreen.storyboard */; };
		5D8701E8206B82030058E14D /* main.m in Sources */ = {isa = PBXBuildFile; fileRef = 5D8701E7206B82030058E14D /* main.m */; };
		5D8701F4206B82390058E14D /* MEDLineChartData.m in Sources */ = {isa = PBXBuildFile; fileRef = 5D8701F1206B82390058E14D /* MEDLineChartData.m */; };
		5D8701F5206B82390058E14D /* MEDMonitorLineChart.m in Sources */ = {isa = PBXBuildFile; fileRef = 5D8701F2206B82390058E14D /* MEDMonitorLineChart.m */; };
/* End PBXBuildFile section */

/* Begin PBXFileReference section */
		5D8701D5206B82030058E14D /* MEDLineChartView.app */ = {isa = PBXFileReference; explicitFileType = wrapper.application; includeInIndex = 0; path = MEDLineChartView.app; sourceTree = BUILT_PRODUCTS_DIR; };
		5D8701D8206B82030058E14D /* AppDelegate.h */ = {isa = PBXFileReference; lastKnownFileType = sourcecode.c.h; path = AppDelegate.h; sourceTree = "<group>"; };
		5D8701D9206B82030058E14D /* AppDelegate.m */ = {isa = PBXFileReference; lastKnownFileType = sourcecode.c.objc; path = AppDelegate.m; sourceTree = "<group>"; };
		5D8701DB206B82030058E14D /* ViewController.h */ = {isa = PBXFileReference; lastKnownFileType = sourcecode.c.h; path = ViewController.h; sourceTree = "<group>"; };
		5D8701DC206B82030058E14D /* ViewController.m */ = {isa = PBXFileReference; lastKnownFileType = sourcecode.c.objc; path = ViewController.m; sourceTree = "<group>"; };
		5D8701DF206B82030058E14D /* Base */ = {isa = PBXFileReference; lastKnownFileType = file.storyboard; name = Base; path = Base.lproj/Main.storyboard; sourceTree = "<group>"; };
		5D8701E1206B82030058E14D /* Assets.xcassets */ = {isa = PBXFileReference; lastKnownFileType = folder.assetcatalog; path = Assets.xcassets; sourceTree = "<group>"; };
		5D8701E4206B82030058E14D /* Base */ = {isa = PBXFileReference; lastKnownFileType = file.storyboard; name = Base; path = Base.lproj/LaunchScreen.storyboard; sourceTree = "<group>"; };
		5D8701E6206B82030058E14D /* Info.plist */ = {isa = PBXFileReference; lastKnownFileType = text.plist.xml; path = Info.plist; sourceTree = "<group>"; };
		5D8701E7206B82030058E14D /* main.m */ = {isa = PBXFileReference; lastKnownFileType = sourcecode.c.objc; path = main.m; sourceTree = "<group>"; };
		5D8701F0206B82390058E14D /* MEDMonitorLineChart.h */ = {isa = PBXFileReference; fileEncoding = 4; lastKnownFileType = sourcecode.c.h; path = MEDMonitorLineChart.h; sourceTree = "<group>"; };
		5D8701F1206B82390058E14D /* MEDLineChartData.m */ = {isa = PBXFileReference; fileEncoding = 4; lastKnownFileType = sourcecode.c.objc; path = MEDLineChartData.m; sourceTree = "<group>"; };
		5D8701F2206B82390058E14D /* MEDMonitorLineChart.m */ = {isa = PBXFileReference; fileEncoding = 4; lastKnownFileType = sourcecode.c.objc; path = MEDMonitorLineChart.m; sourceTree = "<group>"; };
		5D8701F3206B82390058E14D /* MEDLineChartData.h */ = {isa = PBXFileReference; fileEncoding = 4; lastKnownFileType = sourcecode.c.h; path = MEDLineChartData.h; sourceTree = "<group>"; };
/* End PBXFileReference section */

/* Begin PBXFrameworksBuildPhase section */
		5D8701D2206B82030058E14D /* Frameworks */ = {
			isa = PBXFrameworksBuildPhase;
			buildActionMask = 2147483647;
			files = (
			);
			runOnlyForDeploymentPostprocessing = 0;
		};
/* End PBXFrameworksBuildPhase section */

/* Begin PBXGroup section */
		5D8701CC206B82030058E14D = {
			isa = PBXGroup;
			children = (
				5D8701D7206B82030058E14D /* MEDLineChartView */,
				5D8701D6206B82030058E14D /* Products */,
			);
			sourceTree = "<group>";
		};
		5D8701D6206B82030058E14D /* Products */ = {
			isa = PBXGroup;
			children = (
				5D8701D5206B82030058E14D /* MEDLineChartView.app */,
			);
			name = Products;
			sourceTree = "<group>";
		};
		5D8701D7206B82030058E14D /* MEDLineChartView */ = {
			isa = PBXGroup;
			children = (
				5D8701DB206B82030058E14D /* ViewController.h */,
				5D8701DC206B82030058E14D /* ViewController.m */,
				5D8701EF206B82390058E14D /* MEDLineChart */,
				5D8701EE206B821A0058E14D /* Ohter */,
				5D8701E1206B82030058E14D /* Assets.xcassets */,
			);
			path = MEDLineChartView;
			sourceTree = "<group>";
		};
		5D8701EE206B821A0058E14D /* Ohter */ = {
			isa = PBXGroup;
			children = (
				5D8701D8206B82030058E14D /* AppDelegate.h */,
				5D8701D9206B82030058E14D /* AppDelegate.m */,
				5D8701DE206B82030058E14D /* Main.storyboard */,
				5D8701E3206B82030058E14D /* LaunchScreen.storyboard */,
				5D8701E6206B82030058E14D /* Info.plist */,
				5D8701E7206B82030058E14D /* main.m */,
			);
			path = Ohter;
			sourceTree = "<group>";
		};
		5D8701EF206B82390058E14D /* MEDLineChart */ = {
			isa = PBXGroup;
			children = (
				5D8701F0206B82390058E14D /* MEDMonitorLineChart.h */,
				5D8701F1206B82390058E14D /* MEDLineChartData.m */,
				5D8701F2206B82390058E14D /* MEDMonitorLineChart.m */,
				5D8701F3206B82390058E14D /* MEDLineChartData.h */,
			);
			path = MEDLineChart;
			sourceTree = "<group>";
		};
/* End PBXGroup section */

/* Begin PBXNativeTarget section */
		5D8701D4206B82030058E14D /* MEDLineChartView */ = {
			isa = PBXNativeTarget;
			buildConfigurationList = 5D8701EB206B82030058E14D /* Build configuration list for PBXNativeTarget "MEDLineChartView" */;
			buildPhases = (
				5D8701D1206B82030058E14D /* Sources */,
				5D8701D2206B82030058E14D /* Frameworks */,
				5D8701D3206B82030058E14D /* Resources */,
			);
			buildRules = (
			);
			dependencies = (
			);
			name = MEDLineChartView;
			productName = MEDLineChartView;
			productReference = 5D8701D5206B82030058E14D /* MEDLineChartView.app */;
			productType = "com.apple.product-type.application";
		};
/* End PBXNativeTarget section */

/* Begin PBXProject section */
		5D8701CD206B82030058E14D /* Project object */ = {
			isa = PBXProject;
			attributes = {
				LastUpgradeCheck = 0920;
				ORGANIZATIONNAME = zhumuzhi;
				TargetAttributes = {
					5D8701D4206B82030058E14D = {
						CreatedOnToolsVersion = 9.2;
						ProvisioningStyle = Automatic;
					};
				};
			};
			buildConfigurationList = 5D8701D0206B82030058E14D /* Build configuration list for PBXProject "MEDLineChartView" */;
			compatibilityVersion = "Xcode 8.0";
			developmentRegion = en;
			hasScannedForEncodings = 0;
			knownRegions = (
				en,
				Base,
			);
			mainGroup = 5D8701CC206B82030058E14D;
			productRefGroup = 5D8701D6206B82030058E14D /* Products */;
			projectDirPath = "";
			projectRoot = "";
			targets = (
				5D8701D4206B82030058E14D /* MEDLineChartView */,
			);
		};
/* End PBXProject section */

/* Begin PBXResourcesBuildPhase section */
		5D8701D3206B82030058E14D /* Resources */ = {
			isa = PBXResourcesBuildPhase;
			buildActionMask = 2147483647;
			files = (
				5D8701E5206B82030058E14D /* LaunchScreen.storyboard in Resources */,
				5D8701E2206B82030058E14D /* Assets.xcassets in Resources */,
				5D8701E0206B82030058E14D /* Main.storyboard in Resources */,
			);
			runOnlyForDeploymentPostprocessing = 0;
		};
/* End PBXResourcesBuildPhase section */

/* Begin PBXSourcesBuildPhase section */
		5D8701D1206B82030058E14D /* Sources */ = {
			isa = PBXSourcesBuildPhase;
			buildActionMask = 2147483647;
			files = (
				5D8701DD206B82030058E14D /* ViewController.m in Sources */,
				5D8701E8206B82030058E14D /* main.m in Sources */,
				5D8701DA206B82030058E14D /* AppDelegate.m in Sources */,
				5D8701F5206B82390058E14D /* MEDMonitorLineChart.m in Sources */,
				5D8701F4206B82390058E14D /* MEDLineChartData.m in Sources */,
			);
			runOnlyForDeploymentPostprocessing = 0;
		};
/* End PBXSourcesBuildPhase section */

/* Begin PBXVariantGroup section */
		5D8701DE206B82030058E14D /* Main.storyboard */ = {
			isa = PBXVariantGroup;
			children = (
				5D8701DF206B82030058E14D /* Base */,
			);
			name = Main.storyboard;
			sourceTree = "<group>";
		};
		5D8701E3206B82030058E14D /* LaunchScreen.storyboard */ = {
			isa = PBXVariantGroup;
			children = (
				5D8701E4206B82030058E14D /* Base */,
			);
			name = LaunchScreen.storyboard;
			sourceTree = "<group>";
		};
/* End PBXVariantGroup section */

/* Begin XCBuildConfiguration section */
		5D8701E9206B82030058E14D /* Debug */ = {
			isa = XCBuildConfiguration;
			buildSettings = {
				ALWAYS_SEARCH_USER_PATHS = NO;
				CLANG_ANALYZER_NONNULL = YES;
				CLANG_ANALYZER_NUMBER_OBJECT_CONVERSION = YES_AGGRESSIVE;
				CLANG_CXX_LANGUAGE_STANDARD = "gnu++14";
				CLANG_CXX_LIBRARY = "libc++";
				CLANG_ENABLE_MODULES = YES;
				CLANG_ENABLE_OBJC_ARC = YES;
				CLANG_WARN_BLOCK_CAPTURE_AUTORELEASING = YES;
				CLANG_WARN_BOOL_CONVERSION = YES;
				CLANG_WARN_COMMA = YES;
				CLANG_WARN_CONSTANT_CONVERSION = YES;
				CLANG_WARN_DIRECT_OBJC_ISA_USAGE = YES_ERROR;
				CLANG_WARN_DOCUMENTATION_COMMENTS = YES;
				CLANG_WARN_EMPTY_BODY = YES;
				CLANG_WARN_ENUM_CONVERSION = YES;
				CLANG_WARN_INFINITE_RECURSION = YES;
				CLANG_WARN_INT_CONVERSION = YES;
				CLANG_WARN_NON_LITERAL_NULL_CONVERSION = YES;
				CLANG_WARN_OBJC_LITERAL_CONVERSION = YES;
				CLANG_WARN_OBJC_ROOT_CLASS = YES_ERROR;
				CLANG_WARN_RANGE_LOOP_ANALYSIS = YES;
				CLANG_WARN_STRICT_PROTOTYPES = YES;
				CLANG_WARN_SUSPICIOUS_MOVE = YES;
				CLANG_WARN_UNGUARDED_AVAILABILITY = YES_AGGRESSIVE;
				CLANG_WARN_UNREACHABLE_CODE = YES;
				CLANG_WARN__DUPLICATE_METHOD_MATCH = YES;
				CODE_SIGN_IDENTITY = "iPhone Developer";
				COPY_PHASE_STRIP = NO;
				DEBUG_INFORMATION_FORMAT = dwarf;
				ENABLE_STRICT_OBJC_MSGSEND = YES;
				ENABLE_TESTABILITY = YES;
				GCC_C_LANGUAGE_STANDARD = gnu11;
				GCC_DYNAMIC_NO_PIC = NO;
				GCC_NO_COMMON_BLOCKS = YES;
				GCC_OPTIMIZATION_LEVEL = 0;
				GCC_PREPROCESSOR_DEFINITIONS = (
					"DEBUG=1",
					"$(inherited)",
				);
				GCC_WARN_64_TO_32_BIT_CONVERSION = YES;
				GCC_WARN_ABOUT_RETURN_TYPE = YES_ERROR;
				GCC_WARN_UNDECLARED_SELECTOR = YES;
				GCC_WARN_UNINITIALIZED_AUTOS = YES_AGGRESSIVE;
				GCC_WARN_UNUSED_FUNCTION = YES;
				GCC_WARN_UNUSED_VARIABLE = YES;
				IPHONEOS_DEPLOYMENT_TARGET = 11.2;
				MTL_ENABLE_DEBUG_INFO = YES;
				ONLY_ACTIVE_ARCH = YES;
				SDKROOT = iphoneos;
			};
			name = Debug;
		};
		5D8701EA206B82030058E14D /* Release */ = {
			isa = XCBuildConfiguration;
			buildSettings = {
				ALWAYS_SEARCH_USER_PATHS = NO;
				CLANG_ANALYZER_NONNULL = YES;
				CLANG_ANALYZER_NUMBER_OBJECT_CONVERSION = YES_AGGRESSIVE;
				CLANG_CXX_LANGUAGE_STANDARD = "gnu++14";
				CLANG_CXX_LIBRARY = "libc++";
				CLANG_ENABLE_MODULES = YES;
				CLANG_ENABLE_OBJC_ARC = YES;
				CLANG_WARN_BLOCK_CAPTURE_AUTORELEASING = YES;
				CLANG_WARN_BOOL_CONVERSION = YES;
				CLANG_WARN_COMMA = YES;
				CLANG_WARN_CONSTANT_CONVERSION = YES;
				CLANG_WARN_DIRECT_OBJC_ISA_USAGE = YES_ERROR;
				CLANG_WARN_DOCUMENTATION_COMMENTS = YES;
				CLANG_WARN_EMPTY_BODY = YES;
				CLANG_WARN_ENUM_CONVERSION = YES;
				CLANG_WARN_INFINITE_RECURSION = YES;
				CLANG_WARN_INT_CONVERSION = YES;
				CLANG_WARN_NON_LITERAL_NULL_CONVERSION = YES;
				CLANG_WARN_OBJC_LITERAL_CONVERSION = YES;
				CLANG_WARN_OBJC_ROOT_CLASS = YES_ERROR;
				CLANG_WARN_RANGE_LOOP_ANALYSIS = YES;
				CLANG_WARN_STRICT_PROTOTYPES = YES;
				CLANG_WARN_SUSPICIOUS_MOVE = YES;
				CLANG_WARN_UNGUARDED_AVAILABILITY = YES_AGGRESSIVE;
				CLANG_WARN_UNREACHABLE_CODE = YES;
				CLANG_WARN__DUPLICATE_METHOD_MATCH = YES;
				CODE_SIGN_IDENTITY = "iPhone Developer";
				COPY_PHASE_STRIP = NO;
				DEBUG_INFORMATION_FORMAT = "dwarf-with-dsym";
				ENABLE_NS_ASSERTIONS = NO;
				ENABLE_STRICT_OBJC_MSGSEND = YES;
				GCC_C_LANGUAGE_STANDARD = gnu11;
				GCC_NO_COMMON_BLOCKS = YES;
				GCC_WARN_64_TO_32_BIT_CONVERSION = YES;
				GCC_WARN_ABOUT_RETURN_TYPE = YES_ERROR;
				GCC_WARN_UNDECLARED_SELECTOR = YES;
				GCC_WARN_UNINITIALIZED_AUTOS = YES_AGGRESSIVE;
				GCC_WARN_UNUSED_FUNCTION = YES;
				GCC_WARN_UNUSED_VARIABLE = YES;
				IPHONEOS_DEPLOYMENT_TARGET = 11.2;
				MTL_ENABLE_DEBUG_INFO = NO;
				SDKROOT = iphoneos;
				VALIDATE_PRODUCT = YES;
			};
			name = Release;
		};
		5D8701EC206B82030058E14D /* Debug */ = {
			isa = XCBuildConfiguration;
			buildSettings = {
				ASSETCATALOG_COMPILER_APPICON_NAME = AppIcon;
				CODE_SIGN_STYLE = Automatic;
				DEVELOPMENT_TEAM = GFW576JD52;
				INFOPLIST_FILE = "$(SRCROOT)/MEDLineChartView/Ohter/Info.plist";
				LD_RUNPATH_SEARCH_PATHS = "$(inherited) @executable_path/Frameworks";
				PRODUCT_BUNDLE_IDENTIFIER = com.zhumuzhi.MEDLineChartView;
				PRODUCT_NAME = "$(TARGET_NAME)";
				TARGETED_DEVICE_FAMILY = "1,2";
			};
			name = Debug;
		};
		5D8701ED206B82030058E14D /* Release */ = {
			isa = XCBuildConfiguration;
			buildSettings = {
				ASSETCATALOG_COMPILER_APPICON_NAME = AppIcon;
				CODE_SIGN_STYLE = Automatic;
				DEVELOPMENT_TEAM = GFW576JD52;
				INFOPLIST_FILE = "$(SRCROOT)/MEDLineChartView/Ohter/Info.plist";
				LD_RUNPATH_SEARCH_PATHS = "$(inherited) @executable_path/Frameworks";
				PRODUCT_BUNDLE_IDENTIFIER = com.zhumuzhi.MEDLineChartView;
				PRODUCT_NAME = "$(TARGET_NAME)";
				TARGETED_DEVICE_FAMILY = "1,2";
			};
			name = Release;
		};
/* End XCBuildConfiguration section */

/* Begin XCConfigurationList section */
		5D8701D0206B82030058E14D /* Build configuration list for PBXProject "MEDLineChartView" */ = {
			isa = XCConfigurationList;
			buildConfigurations = (
				5D8701E9206B82030058E14D /* Debug */,
				5D8701EA206B82030058E14D /* Release */,
			);
			defaultConfigurationIsVisible = 0;
			defaultConfigurationName = Release;
		};
		5D8701EB206B82030058E14D /* Build configuration list for PBXNativeTarget "MEDLineChartView" */ = {
			isa = XCConfigurationList;
			buildConfigurations = (
				5D8701EC206B82030058E14D /* Debug */,
				5D8701ED206B82030058E14D /* Release */,
			);
			defaultConfigurationIsVisible = 0;
			defaultConfigurationName = Release;
		};
/* End XCConfigurationList section */
	};
	rootObject = 5D8701CD206B82030058E14D /* Project object */;
}
